// !$*UTF8*$!
{
	archiveVersion = 1;
	classes = {
	};
	objectVersion = 48;
	objects = {

/* Begin PBXBuildFile section */
		8A078CD91F91BD0C0016E380 /* AppDelegate.swift in Sources */ = {isa = PBXBuildFile; fileRef = 8A078CD81F91BD0C0016E380 /* AppDelegate.swift */; };
		8A078CDB1F91BD0C0016E380 /* ViewController.swift in Sources */ = {isa = PBXBuildFile; fileRef = 8A078CDA1F91BD0C0016E380 /* ViewController.swift */; };
		8A078CDE1F91BD0C0016E380 /* Main.storyboard in Resources */ = {isa = PBXBuildFile; fileRef = 8A078CDC1F91BD0C0016E380 /* Main.storyboard */; };
		8A078CE01F91BD0C0016E380 /* Assets.xcassets in Resources */ = {isa = PBXBuildFile; fileRef = 8A078CDF1F91BD0C0016E380 /* Assets.xcassets */; };
		8A078CE31F91BD0C0016E380 /* LaunchScreen.storyboard in Resources */ = {isa = PBXBuildFile; fileRef = 8A078CE11F91BD0C0016E380 /* LaunchScreen.storyboard */; };
		8A078CEB1F91BE310016E380 /* GoogleService-Info.plist in Resources */ = {isa = PBXBuildFile; fileRef = 8A078CEA1F91BE310016E380 /* GoogleService-Info.plist */; };
		8A078CF01F91C7080016E380 /* Default-568h@2x.png in Resources */ = {isa = PBXBuildFile; fileRef = 8A078CEF1F91C7080016E380 /* Default-568h@2x.png */; };
		8A078CF21F91C7F60016E380 /* Login.storyboard in Resources */ = {isa = PBXBuildFile; fileRef = 8A078CF11F91C7F60016E380 /* Login.storyboard */; };
		8A078CF41F91CBC20016E380 /* LoginViewController.swift in Sources */ = {isa = PBXBuildFile; fileRef = 8A078CF31F91CBC20016E380 /* LoginViewController.swift */; };
		BA759E962729B9AE181AFE83 /* Pods_Credit_Fitness.framework in Frameworks */ = {isa = PBXBuildFile; fileRef = B146B501B642F60E26CE1632 /* Pods_Credit_Fitness.framework */; };
/* End PBXBuildFile section */

/* Begin PBXFileReference section */
		8A078CD51F91BD0C0016E380 /* Credit_Fitness.app */ = {isa = PBXFileReference; explicitFileType = wrapper.application; includeInIndex = 0; path = Credit_Fitness.app; sourceTree = BUILT_PRODUCTS_DIR; };
		8A078CD81F91BD0C0016E380 /* AppDelegate.swift */ = {isa = PBXFileReference; lastKnownFileType = sourcecode.swift; path = AppDelegate.swift; sourceTree = "<group>"; };
		8A078CDA1F91BD0C0016E380 /* ViewController.swift */ = {isa = PBXFileReference; lastKnownFileType = sourcecode.swift; path = ViewController.swift; sourceTree = "<group>"; };
		8A078CDD1F91BD0C0016E380 /* Base */ = {isa = PBXFileReference; lastKnownFileType = file.storyboard; name = Base; path = Base.lproj/Main.storyboard; sourceTree = "<group>"; };
		8A078CDF1F91BD0C0016E380 /* Assets.xcassets */ = {isa = PBXFileReference; lastKnownFileType = folder.assetcatalog; path = Assets.xcassets; sourceTree = "<group>"; };
		8A078CE21F91BD0C0016E380 /* Base */ = {isa = PBXFileReference; lastKnownFileType = file.storyboard; name = Base; path = Base.lproj/LaunchScreen.storyboard; sourceTree = "<group>"; };
		8A078CE41F91BD0C0016E380 /* Info.plist */ = {isa = PBXFileReference; lastKnownFileType = text.plist.xml; path = Info.plist; sourceTree = "<group>"; };
		8A078CEA1F91BE310016E380 /* GoogleService-Info.plist */ = {isa = PBXFileReference; fileEncoding = 4; lastKnownFileType = text.plist.xml; path = "GoogleService-Info.plist"; sourceTree = "<group>"; };
		8A078CEF1F91C7080016E380 /* Default-568h@2x.png */ = {isa = PBXFileReference; lastKnownFileType = image.png; path = "Default-568h@2x.png"; sourceTree = "<group>"; };
		8A078CF11F91C7F60016E380 /* Login.storyboard */ = {isa = PBXFileReference; lastKnownFileType = file.storyboard; path = Login.storyboard; sourceTree = "<group>"; };
		8A078CF31F91CBC20016E380 /* LoginViewController.swift */ = {isa = PBXFileReference; lastKnownFileType = sourcecode.swift; path = LoginViewController.swift; sourceTree = "<group>"; };
		B146B501B642F60E26CE1632 /* Pods_Credit_Fitness.framework */ = {isa = PBXFileReference; explicitFileType = wrapper.framework; includeInIndex = 0; path = Pods_Credit_Fitness.framework; sourceTree = BUILT_PRODUCTS_DIR; };
		C0ECC049400D2C88C1B6D982 /* Pods-Credit_Fitness.release.xcconfig */ = {isa = PBXFileReference; includeInIndex = 1; lastKnownFileType = text.xcconfig; name = "Pods-Credit_Fitness.release.xcconfig"; path = "Pods/Target Support Files/Pods-Credit_Fitness/Pods-Credit_Fitness.release.xcconfig"; sourceTree = "<group>"; };
		C4C87C4074B7A8F4368CD371 /* Pods-Credit_Fitness.debug.xcconfig */ = {isa = PBXFileReference; includeInIndex = 1; lastKnownFileType = text.xcconfig; name = "Pods-Credit_Fitness.debug.xcconfig"; path = "Pods/Target Support Files/Pods-Credit_Fitness/Pods-Credit_Fitness.debug.xcconfig"; sourceTree = "<group>"; };
/* End PBXFileReference section */

/* Begin PBXFrameworksBuildPhase section */
		8A078CD21F91BD0C0016E380 /* Frameworks */ = {
			isa = PBXFrameworksBuildPhase;
			buildActionMask = 2147483647;
			files = (
				BA759E962729B9AE181AFE83 /* Pods_Credit_Fitness.framework in Frameworks */,
			);
			runOnlyForDeploymentPostprocessing = 0;
		};
/* End PBXFrameworksBuildPhase section */

/* Begin PBXGroup section */
		7D82039533B670A39300C3FC /* Frameworks */ = {
			isa = PBXGroup;
			children = (
				B146B501B642F60E26CE1632 /* Pods_Credit_Fitness.framework */,
			);
			name = Frameworks;
			sourceTree = "<group>";
		};
		8A078CCC1F91BD0C0016E380 = {
			isa = PBXGroup;
			children = (
				8A078CD71F91BD0C0016E380 /* Credit_Fitness */,
				8A078CD61F91BD0C0016E380 /* Products */,
				F5B09078058F7DD299F44113 /* Pods */,
				7D82039533B670A39300C3FC /* Frameworks */,
			);
			sourceTree = "<group>";
		};
		8A078CD61F91BD0C0016E380 /* Products */ = {
			isa = PBXGroup;
			children = (
				8A078CD51F91BD0C0016E380 /* Credit_Fitness.app */,
			);
			name = Products;
			sourceTree = "<group>";
		};
		8A078CD71F91BD0C0016E380 /* Credit_Fitness */ = {
			isa = PBXGroup;
			children = (
				8A078CD81F91BD0C0016E380 /* AppDelegate.swift */,
				8A078CED1F91C6DB0016E380 /* View Controllers */,
				8A078CEE1F91C6ED0016E380 /* Storyboards */,
				8A078CDF1F91BD0C0016E380 /* Assets.xcassets */,
				8A078CEF1F91C7080016E380 /* Default-568h@2x.png */,
				8A078CEC1F91C6BD0016E380 /* Supporting */,
			);
			path = Credit_Fitness;
			sourceTree = "<group>";
		};
		8A078CEC1F91C6BD0016E380 /* Supporting */ = {
			isa = PBXGroup;
			children = (
				8A078CEA1F91BE310016E380 /* GoogleService-Info.plist */,
				8A078CE41F91BD0C0016E380 /* Info.plist */,
			);
			path = Supporting;
			sourceTree = "<group>";
		};
		8A078CED1F91C6DB0016E380 /* View Controllers */ = {
			isa = PBXGroup;
			children = (
				8A078CDA1F91BD0C0016E380 /* ViewController.swift */,
				8A078CF31F91CBC20016E380 /* LoginViewController.swift */,
			);
			path = "View Controllers";
			sourceTree = "<group>";
		};
		8A078CEE1F91C6ED0016E380 /* Storyboards */ = {
			isa = PBXGroup;
			children = (
				8A078CDC1F91BD0C0016E380 /* Main.storyboard */,
				8A078CE11F91BD0C0016E380 /* LaunchScreen.storyboard */,
				8A078CF11F91C7F60016E380 /* Login.storyboard */,
			);
			path = Storyboards;
			sourceTree = "<group>";
		};
		F5B09078058F7DD299F44113 /* Pods */ = {
			isa = PBXGroup;
			children = (
				C4C87C4074B7A8F4368CD371 /* Pods-Credit_Fitness.debug.xcconfig */,
				C0ECC049400D2C88C1B6D982 /* Pods-Credit_Fitness.release.xcconfig */,
			);
			name = Pods;
			sourceTree = "<group>";
		};
/* End PBXGroup section */

/* Begin PBXNativeTarget section */
		8A078CD41F91BD0C0016E380 /* Credit_Fitness */ = {
			isa = PBXNativeTarget;
			buildConfigurationList = 8A078CE71F91BD0C0016E380 /* Build configuration list for PBXNativeTarget "Credit_Fitness" */;
			buildPhases = (
				E1770195E05259B3A088A1D3 /* [CP] Check Pods Manifest.lock */,
				8A078CD11F91BD0C0016E380 /* Sources */,
				8A078CD21F91BD0C0016E380 /* Frameworks */,
				8A078CD31F91BD0C0016E380 /* Resources */,
				B47632629D13FAB9961A7085 /* [CP] Embed Pods Frameworks */,
				83C0E0AC314FB6AC7B498494 /* [CP] Copy Pods Resources */,
			);
			buildRules = (
			);
			dependencies = (
			);
			name = Credit_Fitness;
			productName = Credit_Fitness;
			productReference = 8A078CD51F91BD0C0016E380 /* Credit_Fitness.app */;
			productType = "com.apple.product-type.application";
		};
/* End PBXNativeTarget section */

/* Begin PBXProject section */
		8A078CCD1F91BD0C0016E380 /* Project object */ = {
			isa = PBXProject;
			attributes = {
				LastSwiftUpdateCheck = 0900;
				LastUpgradeCheck = 0900;
				ORGANIZATIONNAME = "Anshula Singh";
				TargetAttributes = {
					8A078CD41F91BD0C0016E380 = {
						CreatedOnToolsVersion = 9.0;
						ProvisioningStyle = Automatic;
					};
				};
			};
			buildConfigurationList = 8A078CD01F91BD0C0016E380 /* Build configuration list for PBXProject "Credit_Fitness" */;
			compatibilityVersion = "Xcode 8.0";
			developmentRegion = en;
			hasScannedForEncodings = 0;
			knownRegions = (
				en,
				Base,
			);
			mainGroup = 8A078CCC1F91BD0C0016E380;
			productRefGroup = 8A078CD61F91BD0C0016E380 /* Products */;
			projectDirPath = "";
			projectRoot = "";
			targets = (
				8A078CD41F91BD0C0016E380 /* Credit_Fitness */,
			);
		};
/* End PBXProject section */

/* Begin PBXResourcesBuildPhase section */
		8A078CD31F91BD0C0016E380 /* Resources */ = {
			isa = PBXResourcesBuildPhase;
			buildActionMask = 2147483647;
			files = (
				8A078CE31F91BD0C0016E380 /* LaunchScreen.storyboard in Resources */,
				8A078CEB1F91BE310016E380 /* GoogleService-Info.plist in Resources */,
				8A078CF21F91C7F60016E380 /* Login.storyboard in Resources */,
				8A078CE01F91BD0C0016E380 /* Assets.xcassets in Resources */,
				8A078CF01F91C7080016E380 /* Default-568h@2x.png in Resources */,
				8A078CDE1F91BD0C0016E380 /* Main.storyboard in Resources */,
			);
			runOnlyForDeploymentPostprocessing = 0;
		};
/* End PBXResourcesBuildPhase section */

/* Begin PBXShellScriptBuildPhase section */
		83C0E0AC314FB6AC7B498494 /* [CP] Copy Pods Resources */ = {
			isa = PBXShellScriptBuildPhase;
			buildActionMask = 2147483647;
			files = (
			);
			inputPaths = (
				"${SRCROOT}/Pods/Target Support Files/Pods-Credit_Fitness/Pods-Credit_Fitness-resources.sh",
				$PODS_CONFIGURATION_BUILD_DIR/FirebaseUI/FirebaseAuthUI.bundle,
			);
			name = "[CP] Copy Pods Resources";
			outputPaths = (
				"${TARGET_BUILD_DIR}/${UNLOCALIZED_RESOURCES_FOLDER_PATH}",
			);
			runOnlyForDeploymentPostprocessing = 0;
			shellPath = /bin/sh;
			shellScript = "\"${SRCROOT}/Pods/Target Support Files/Pods-Credit_Fitness/Pods-Credit_Fitness-resources.sh\"\n";
			showEnvVarsInLog = 0;
		};
		B47632629D13FAB9961A7085 /* [CP] Embed Pods Frameworks */ = {
			isa = PBXShellScriptBuildPhase;
			buildActionMask = 2147483647;
			files = (
			);
			inputPaths = (
				"${SRCROOT}/Pods/Target Support Files/Pods-Credit_Fitness/Pods-Credit_Fitness-frameworks.sh",
				"${BUILT_PRODUCTS_DIR}/GTMSessionFetcher/GTMSessionFetcher.framework",
				"${BUILT_PRODUCTS_DIR}/GoogleToolboxForMac/GoogleToolboxForMac.framework",
				"${BUILT_PRODUCTS_DIR}/leveldb-library/leveldb.framework",
				"${BUILT_PRODUCTS_DIR}/nanopb/nanopb.framework",
			);
			name = "[CP] Embed Pods Frameworks";
			outputPaths = (
				"${TARGET_BUILD_DIR}/${FRAMEWORKS_FOLDER_PATH}/GTMSessionFetcher.framework",
				"${TARGET_BUILD_DIR}/${FRAMEWORKS_FOLDER_PATH}/GoogleToolboxForMac.framework",
				"${TARGET_BUILD_DIR}/${FRAMEWORKS_FOLDER_PATH}/leveldb.framework",
				"${TARGET_BUILD_DIR}/${FRAMEWORKS_FOLDER_PATH}/nanopb.framework",
			);
			runOnlyForDeploymentPostprocessing = 0;
			shellPath = /bin/sh;
			shellScript = "\"${SRCROOT}/Pods/Target Support Files/Pods-Credit_Fitness/Pods-Credit_Fitness-frameworks.sh\"\n";
			showEnvVarsInLog = 0;
		};
		E1770195E05259B3A088A1D3 /* [CP] Check Pods Manifest.lock */ = {
			isa = PBXShellScriptBuildPhase;
			buildActionMask = 2147483647;
			files = (
			);
			inputPaths = (
				"${PODS_PODFILE_DIR_PATH}/Podfile.lock",
				"${PODS_ROOT}/Manifest.lock",
			);
			name = "[CP] Check Pods Manifest.lock";
			outputPaths = (
				"$(DERIVED_FILE_DIR)/Pods-Credit_Fitness-checkManifestLockResult.txt",
			);
			runOnlyForDeploymentPostprocessing = 0;
			shellPath = /bin/sh;
			shellScript = "diff \"${PODS_PODFILE_DIR_PATH}/Podfile.lock\" \"${PODS_ROOT}/Manifest.lock\" > /dev/null\nif [ $? != 0 ] ; then\n    # print error to STDERR\n    echo \"error: The sandbox is not in sync with the Podfile.lock. Run 'pod install' or update your CocoaPods installation.\" >&2\n    exit 1\nfi\n# This output is used by Xcode 'outputs' to avoid re-running this script phase.\necho \"SUCCESS\" > \"${SCRIPT_OUTPUT_FILE_0}\"\n";
			showEnvVarsInLog = 0;
		};
/* End PBXShellScriptBuildPhase section */

/* Begin PBXSourcesBuildPhase section */
		8A078CD11F91BD0C0016E380 /* Sources */ = {
			isa = PBXSourcesBuildPhase;
			buildActionMask = 2147483647;
			files = (
				8A078CF41F91CBC20016E380 /* LoginViewController.swift in Sources */,
				8A078CDB1F91BD0C0016E380 /* ViewController.swift in Sources */,
				8A078CD91F91BD0C0016E380 /* AppDelegate.swift in Sources */,
			);
			runOnlyForDeploymentPostprocessing = 0;
		};
/* End PBXSourcesBuildPhase section */

/* Begin PBXVariantGroup section */
		8A078CDC1F91BD0C0016E380 /* Main.storyboard */ = {
			isa = PBXVariantGroup;
			children = (
				8A078CDD1F91BD0C0016E380 /* Base */,
			);
			name = Main.storyboard;
			sourceTree = "<group>";
		};
		8A078CE11F91BD0C0016E380 /* LaunchScreen.storyboard */ = {
			isa = PBXVariantGroup;
			children = (
				8A078CE21F91BD0C0016E380 /* Base */,
			);
			name = LaunchScreen.storyboard;
			sourceTree = "<group>";
		};
/* End PBXVariantGroup section */

/* Begin XCBuildConfiguration section */
		8A078CE51F91BD0C0016E380 /* Debug */ = {
			isa = XCBuildConfiguration;
			buildSettings = {
				ALWAYS_SEARCH_USER_PATHS = NO;
				CLANG_ANALYZER_NONNULL = YES;
				CLANG_ANALYZER_NUMBER_OBJECT_CONVERSION = YES_AGGRESSIVE;
				CLANG_CXX_LANGUAGE_STANDARD = "gnu++14";
				CLANG_CXX_LIBRARY = "libc++";
				CLANG_ENABLE_MODULES = YES;
				CLANG_ENABLE_OBJC_ARC = YES;
				CLANG_WARN_BLOCK_CAPTURE_AUTORELEASING = YES;
				CLANG_WARN_BOOL_CONVERSION = YES;
				CLANG_WARN_COMMA = YES;
				CLANG_WARN_CONSTANT_CONVERSION = YES;
				CLANG_WARN_DIRECT_OBJC_ISA_USAGE = YES_ERROR;
				CLANG_WARN_DOCUMENTATION_COMMENTS = YES;
				CLANG_WARN_EMPTY_BODY = YES;
				CLANG_WARN_ENUM_CONVERSION = YES;
				CLANG_WARN_INFINITE_RECURSION = YES;
				CLANG_WARN_INT_CONVERSION = YES;
				CLANG_WARN_NON_LITERAL_NULL_CONVERSION = YES;
				CLANG_WARN_OBJC_LITERAL_CONVERSION = YES;
				CLANG_WARN_OBJC_ROOT_CLASS = YES_ERROR;
				CLANG_WARN_RANGE_LOOP_ANALYSIS = YES;
				CLANG_WARN_STRICT_PROTOTYPES = YES;
				CLANG_WARN_SUSPICIOUS_MOVE = YES;
				CLANG_WARN_UNGUARDED_AVAILABILITY = YES_AGGRESSIVE;
				CLANG_WARN_UNREACHABLE_CODE = YES;
				CLANG_WARN__DUPLICATE_METHOD_MATCH = YES;
				CODE_SIGN_IDENTITY = "iPhone Developer";
				COPY_PHASE_STRIP = NO;
				DEBUG_INFORMATION_FORMAT = dwarf;
				ENABLE_STRICT_OBJC_MSGSEND = YES;
				ENABLE_TESTABILITY = YES;
				GCC_C_LANGUAGE_STANDARD = gnu11;
				GCC_DYNAMIC_NO_PIC = NO;
				GCC_NO_COMMON_BLOCKS = YES;
				GCC_OPTIMIZATION_LEVEL = 0;
				GCC_PREPROCESSOR_DEFINITIONS = (
					"DEBUG=1",
					"$(inherited)",
				);
				GCC_WARN_64_TO_32_BIT_CONVERSION = YES;
				GCC_WARN_ABOUT_RETURN_TYPE = YES_ERROR;
				GCC_WARN_UNDECLARED_SELECTOR = YES;
				GCC_WARN_UNINITIALIZED_AUTOS = YES_AGGRESSIVE;
				GCC_WARN_UNUSED_FUNCTION = YES;
				GCC_WARN_UNUSED_VARIABLE = YES;
				IPHONEOS_DEPLOYMENT_TARGET = 11.0;
				MTL_ENABLE_DEBUG_INFO = YES;
				ONLY_ACTIVE_ARCH = YES;
				SDKROOT = iphoneos;
				SWIFT_ACTIVE_COMPILATION_CONDITIONS = DEBUG;
				SWIFT_OPTIMIZATION_LEVEL = "-Onone";
			};
			name = Debug;
		};
		8A078CE61F91BD0C0016E380 /* Release */ = {
			isa = XCBuildConfiguration;
			buildSettings = {
				ALWAYS_SEARCH_USER_PATHS = NO;
				CLANG_ANALYZER_NONNULL = YES;
				CLANG_ANALYZER_NUMBER_OBJECT_CONVERSION = YES_AGGRESSIVE;
				CLANG_CXX_LANGUAGE_STANDARD = "gnu++14";
				CLANG_CXX_LIBRARY = "libc++";
				CLANG_ENABLE_MODULES = YES;
				CLANG_ENABLE_OBJC_ARC = YES;
				CLANG_WARN_BLOCK_CAPTURE_AUTORELEASING = YES;
				CLANG_WARN_BOOL_CONVERSION = YES;
				CLANG_WARN_COMMA = YES;
				CLANG_WARN_CONSTANT_CONVERSION = YES;
				CLANG_WARN_DIRECT_OBJC_ISA_USAGE = YES_ERROR;
				CLANG_WARN_DOCUMENTATION_COMMENTS = YES;
				CLANG_WARN_EMPTY_BODY = YES;
				CLANG_WARN_ENUM_CONVERSION = YES;
				CLANG_WARN_INFINITE_RECURSION = YES;
				CLANG_WARN_INT_CONVERSION = YES;
				CLANG_WARN_NON_LITERAL_NULL_CONVERSION = YES;
				CLANG_WARN_OBJC_LITERAL_CONVERSION = YES;
				CLANG_WARN_OBJC_ROOT_CLASS = YES_ERROR;
				CLANG_WARN_RANGE_LOOP_ANALYSIS = YES;
				CLANG_WARN_STRICT_PROTOTYPES = YES;
				CLANG_WARN_SUSPICIOUS_MOVE = YES;
				CLANG_WARN_UNGUARDED_AVAILABILITY = YES_AGGRESSIVE;
				CLANG_WARN_UNREACHABLE_CODE = YES;
				CLANG_WARN__DUPLICATE_METHOD_MATCH = YES;
				CODE_SIGN_IDENTITY = "iPhone Developer";
				COPY_PHASE_STRIP = NO;
				DEBUG_INFORMATION_FORMAT = "dwarf-with-dsym";
				ENABLE_NS_ASSERTIONS = NO;
				ENABLE_STRICT_OBJC_MSGSEND = YES;
				GCC_C_LANGUAGE_STANDARD = gnu11;
				GCC_NO_COMMON_BLOCKS = YES;
				GCC_WARN_64_TO_32_BIT_CONVERSION = YES;
				GCC_WARN_ABOUT_RETURN_TYPE = YES_ERROR;
				GCC_WARN_UNDECLARED_SELECTOR = YES;
				GCC_WARN_UNINITIALIZED_AUTOS = YES_AGGRESSIVE;
				GCC_WARN_UNUSED_FUNCTION = YES;
				GCC_WARN_UNUSED_VARIABLE = YES;
				IPHONEOS_DEPLOYMENT_TARGET = 11.0;
				MTL_ENABLE_DEBUG_INFO = NO;
				SDKROOT = iphoneos;
				SWIFT_OPTIMIZATION_LEVEL = "-Owholemodule";
				VALIDATE_PRODUCT = YES;
			};
			name = Release;
		};
		8A078CE81F91BD0C0016E380 /* Debug */ = {
			isa = XCBuildConfiguration;
			baseConfigurationReference = C4C87C4074B7A8F4368CD371 /* Pods-Credit_Fitness.debug.xcconfig */;
			buildSettings = {
				ASSETCATALOG_COMPILER_APPICON_NAME = AppIcon;
				CODE_SIGN_STYLE = Automatic;
				DEVELOPMENT_TEAM = UXAF9LTG2Y;
				INFOPLIST_FILE = Credit_Fitness/Info.plist;
				IPHONEOS_DEPLOYMENT_TARGET = 10.0;
				LD_RUNPATH_SEARCH_PATHS = "$(inherited) @executable_path/Frameworks";
				PRODUCT_BUNDLE_IDENTIFIER = "com.Credit-Fitness";
				PRODUCT_NAME = "$(TARGET_NAME)";
				SWIFT_VERSION = 4.0;
				TARGETED_DEVICE_FAMILY = 1;
			};
			name = Debug;
		};
		8A078CE91F91BD0C0016E380 /* Release */ = {
			isa = XCBuildConfiguration;
			baseConfigurationReference = C0ECC049400D2C88C1B6D982 /* Pods-Credit_Fitness.release.xcconfig */;
			buildSettings = {
				ASSETCATALOG_COMPILER_APPICON_NAME = AppIcon;
				CODE_SIGN_STYLE = Automatic;
				DEVELOPMENT_TEAM = UXAF9LTG2Y;
				INFOPLIST_FILE = Credit_Fitness/Info.plist;
				IPHONEOS_DEPLOYMENT_TARGET = 10.0;
				LD_RUNPATH_SEARCH_PATHS = "$(inherited) @executable_path/Frameworks";
				PRODUCT_BUNDLE_IDENTIFIER = "com.Credit-Fitness";
				PRODUCT_NAME = "$(TARGET_NAME)";
				SWIFT_VERSION = 4.0;
				TARGETED_DEVICE_FAMILY = 1;
			};
			name = Release;
		};
/* End XCBuildConfiguration section */

/* Begin XCConfigurationList section */
		8A078CD01F91BD0C0016E380 /* Build configuration list for PBXProject "Credit_Fitness" */ = {
			isa = XCConfigurationList;
			buildConfigurations = (
				8A078CE51F91BD0C0016E380 /* Debug */,
				8A078CE61F91BD0C0016E380 /* Release */,
			);
			defaultConfigurationIsVisible = 0;
			defaultConfigurationName = Release;
		};
		8A078CE71F91BD0C0016E380 /* Build configuration list for PBXNativeTarget "Credit_Fitness" */ = {
			isa = XCConfigurationList;
			buildConfigurations = (
				8A078CE81F91BD0C0016E380 /* Debug */,
				8A078CE91F91BD0C0016E380 /* Release */,
			);
			defaultConfigurationIsVisible = 0;
			defaultConfigurationName = Release;
		};
/* End XCConfigurationList section */
	};
	rootObject = 8A078CCD1F91BD0C0016E380 /* Project object */;
}
